
Microsoft Visual Studio Solution File, Format Version 12.00
# Visual Studio Version 16
VisualStudioVersion = 16.0.31613.86
MinimumVisualStudioVersion = 10.0.40219.1
Project("{FAE04EC0-301F-11D3-BF4B-00C04F79EFBC}") = "KChatServer", "KChatServer.csproj", "{273C9E7C-EB3D-4032-81D5-878D60ADB4B5}"
EndProject
Global
	GlobalSection(SolutionConfigurationPlatforms) = preSolution
		Debug|Any CPU = Debug|Any CPU
		Release|Any CPU = Release|Any CPU
	EndGlobalSection
	GlobalSection(ProjectConfigurationPlatforms) = postSolution
		{273C9E7C-EB3D-4032-81D5-878D60ADB4B5}.Debug|Any CPU.ActiveCfg = Debug|Any CPU
		{273C9E7C-EB3D-4032-81D5-878D60ADB4B5}.Debug|Any CPU.Build.0 = Debug|Any CPU
		{273C9E7C-EB3D-4032-81D5-878D60ADB4B5}.Release|Any CPU.ActiveCfg = Release|Any CPU
		{273C9E7C-EB3D-4032-81D5-878D60ADB4B5}.Release|Any CPU.Build.0 = Release|Any CPU
	EndGlobalSection
	GlobalSection(SolutionProperties) = preSolution
		HideSolutionNode = FALSE
	EndGlobalSection
	GlobalSection(ExtensibilityGlobals) = postSolution
		SolutionGuid = {6F7B1E90-D46D-4443-BB00-D0764402D1DC}
	EndGlobalSection
EndGlobal
